
Microsoft Visual Studio Solution File, Format Version 12.00
# Visual Studio Version 16
VisualStudioVersion = 16.0.30104.148
MinimumVisualStudioVersion = 10.0.40219.1
Project("{8BC9CEB8-8B4A-11D0-8D11-00A0C91BC942}") = "AdditionalTask", "AdditionalTask\AdditionalTask.vcxproj", "{27BE32A1-4691-4D78-8409-BCDE38305729}"
EndProject
Project("{8BC9CEB8-8B4A-11D0-8D11-00A0C91BC942}") = "Task2", "Task2\Task2.vcxproj", "{E177B7B9-6A86-4046-ABA1-1B0B20E3AF97}"
EndProject
Project("{8BC9CEB8-8B4A-11D0-8D11-00A0C91BC942}") = "Task3", "Task3\Task3.vcxproj", "{010D4D51-A020-4597-BB86-11FE02F31C3B}"
EndProject
Global
	GlobalSection(SolutionConfigurationPlatforms) = preSolution
		Debug|x64 = Debug|x64
		Debug|x86 = Debug|x86
		Release|x64 = Release|x64
		Release|x86 = Release|x86
	EndGlobalSection
	GlobalSection(ProjectConfigurationPlatforms) = postSolution
		{27BE32A1-4691-4D78-8409-BCDE38305729}.Debug|x64.ActiveCfg = Debug|x64
		{27BE32A1-4691-4D78-8409-BCDE38305729}.Debug|x64.Build.0 = Debug|x64
		{27BE32A1-4691-4D78-8409-BCDE38305729}.Debug|x86.ActiveCfg = Debug|Win32
		{27BE32A1-4691-4D78-8409-BCDE38305729}.Debug|x86.Build.0 = Debug|Win32
		{27BE32A1-4691-4D78-8409-BCDE38305729}.Release|x64.ActiveCfg = Release|x64
		{27BE32A1-4691-4D78-8409-BCDE38305729}.Release|x64.Build.0 = Release|x64
		{27BE32A1-4691-4D78-8409-BCDE38305729}.Release|x86.ActiveCfg = Release|Win32
		{27BE32A1-4691-4D78-8409-BCDE38305729}.Release|x86.Build.0 = Release|Win32
		{E177B7B9-6A86-4046-ABA1-1B0B20E3AF97}.Debug|x64.ActiveCfg = Debug|x64
		{E177B7B9-6A86-4046-ABA1-1B0B20E3AF97}.Debug|x64.Build.0 = Debug|x64
		{E177B7B9-6A86-4046-ABA1-1B0B20E3AF97}.Debug|x86.ActiveCfg = Debug|Win32
		{E177B7B9-6A86-4046-ABA1-1B0B20E3AF97}.Debug|x86.Build.0 = Debug|Win32
		{E177B7B9-6A86-4046-ABA1-1B0B20E3AF97}.Release|x64.ActiveCfg = Release|x64
		{E177B7B9-6A86-4046-ABA1-1B0B20E3AF97}.Release|x64.Build.0 = Release|x64
		{E177B7B9-6A86-4046-ABA1-1B0B20E3AF97}.Release|x86.ActiveCfg = Release|Win32
		{E177B7B9-6A86-4046-ABA1-1B0B20E3AF97}.Release|x86.Build.0 = Release|Win32
		{010D4D51-A020-4597-BB86-11FE02F31C3B}.Debug|x64.ActiveCfg = Debug|x64
		{010D4D51-A020-4597-BB86-11FE02F31C3B}.Debug|x64.Build.0 = Debug|x64
		{010D4D51-A020-4597-BB86-11FE02F31C3B}.Debug|x86.ActiveCfg = Debug|Win32
		{010D4D51-A020-4597-BB86-11FE02F31C3B}.Debug|x86.Build.0 = Debug|Win32
		{010D4D51-A020-4597-BB86-11FE02F31C3B}.Release|x64.ActiveCfg = Release|x64
		{010D4D51-A020-4597-BB86-11FE02F31C3B}.Release|x64.Build.0 = Release|x64
		{010D4D51-A020-4597-BB86-11FE02F31C3B}.Release|x86.ActiveCfg = Release|Win32
		{010D4D51-A020-4597-BB86-11FE02F31C3B}.Release|x86.Build.0 = Release|Win32
	EndGlobalSection
	GlobalSection(SolutionProperties) = preSolution
		HideSolutionNode = FALSE
	EndGlobalSection
	GlobalSection(ExtensibilityGlobals) = postSolution
		SolutionGuid = {6D04745D-F42F-4BEB-8CD0-2F3C44C3C291}
	EndGlobalSection
EndGlobal
