
Microsoft Visual Studio Solution File, Format Version 12.00
# Visual Studio Version 16
VisualStudioVersion = 16.0.30104.148
MinimumVisualStudioVersion = 10.0.40219.1
Project("{8BC9CEB8-8B4A-11D0-8D11-00A0C91BC942}") = "AdditionalTask", "AdditionalTask\AdditionalTask.vcxproj", "{FD784B32-09F7-4CC5-9D2E-E3B5B725D1E7}"
EndProject
Project("{8BC9CEB8-8B4A-11D0-8D11-00A0C91BC942}") = "Task2", "Task2\Task2.vcxproj", "{93705B21-C2E4-4CF2-AA57-6E5B2AA470DA}"
EndProject
Global
	GlobalSection(SolutionConfigurationPlatforms) = preSolution
		Debug|x64 = Debug|x64
		Debug|x86 = Debug|x86
		Release|x64 = Release|x64
		Release|x86 = Release|x86
	EndGlobalSection
	GlobalSection(ProjectConfigurationPlatforms) = postSolution
		{FD784B32-09F7-4CC5-9D2E-E3B5B725D1E7}.Debug|x64.ActiveCfg = Debug|x64
		{FD784B32-09F7-4CC5-9D2E-E3B5B725D1E7}.Debug|x64.Build.0 = Debug|x64
		{FD784B32-09F7-4CC5-9D2E-E3B5B725D1E7}.Debug|x86.ActiveCfg = Debug|Win32
		{FD784B32-09F7-4CC5-9D2E-E3B5B725D1E7}.Debug|x86.Build.0 = Debug|Win32
		{FD784B32-09F7-4CC5-9D2E-E3B5B725D1E7}.Release|x64.ActiveCfg = Release|x64
		{FD784B32-09F7-4CC5-9D2E-E3B5B725D1E7}.Release|x64.Build.0 = Release|x64
		{FD784B32-09F7-4CC5-9D2E-E3B5B725D1E7}.Release|x86.ActiveCfg = Release|Win32
		{FD784B32-09F7-4CC5-9D2E-E3B5B725D1E7}.Release|x86.Build.0 = Release|Win32
		{93705B21-C2E4-4CF2-AA57-6E5B2AA470DA}.Debug|x64.ActiveCfg = Debug|x64
		{93705B21-C2E4-4CF2-AA57-6E5B2AA470DA}.Debug|x64.Build.0 = Debug|x64
		{93705B21-C2E4-4CF2-AA57-6E5B2AA470DA}.Debug|x86.ActiveCfg = Debug|Win32
		{93705B21-C2E4-4CF2-AA57-6E5B2AA470DA}.Debug|x86.Build.0 = Debug|Win32
		{93705B21-C2E4-4CF2-AA57-6E5B2AA470DA}.Release|x64.ActiveCfg = Release|x64
		{93705B21-C2E4-4CF2-AA57-6E5B2AA470DA}.Release|x64.Build.0 = Release|x64
		{93705B21-C2E4-4CF2-AA57-6E5B2AA470DA}.Release|x86.ActiveCfg = Release|Win32
		{93705B21-C2E4-4CF2-AA57-6E5B2AA470DA}.Release|x86.Build.0 = Release|Win32
	EndGlobalSection
	GlobalSection(SolutionProperties) = preSolution
		HideSolutionNode = FALSE
	EndGlobalSection
	GlobalSection(ExtensibilityGlobals) = postSolution
		SolutionGuid = {055E84D6-4C2B-496A-A7E6-1CDEA41064F0}
	EndGlobalSection
EndGlobal
